github.com/vicchass/utisli v0.0.0-20230913165941-ba1ce9f6259a h1:VQLiI9MRG6sUrHohSrPfgsExR6kXGiY0lz0hsnSU9+o=
github.com/vicchass/utisli v0.0.0-20230913165941-ba1ce9f6259a/go.mod h1:eqOUuNNBw+i0vifr/0vGKYLkVBMP5THeVIbLK/KtMLE=
github.com/vicchass/utisli v0.0.0-20230914125652-8c209bd9c401 h1:SgKgF0Xgu0TzobiojHrXOup1OByV1+pJnyJdpUlSspI=
github.com/vicchass/utisli v0.0.0-20230914125652-8c209bd9c401/go.mod h1:eqOUuNNBw+i0vifr/0vGKYLkVBMP5THeVIbLK/KtMLE=
